
Microsoft Visual Studio Solution File, Format Version 12.00
# Visual Studio Version 17
VisualStudioVersion = 17.8.34330.188
MinimumVisualStudioVersion = 10.0.40219.1
Project("{FAE04EC0-301F-11D3-BF4B-00C04F79EFBC}") = "ChallengeApp", "ChallengeApp\ChallengeApp.csproj", "{01FD95BE-2834-4653-8253-51791FA24663}"
EndProject
Global
	GlobalSection(SolutionConfigurationPlatforms) = preSolution
		Debug|Any CPU = Debug|Any CPU
		Release|Any CPU = Release|Any CPU
	EndGlobalSection
	GlobalSection(ProjectConfigurationPlatforms) = postSolution
		{01FD95BE-2834-4653-8253-51791FA24663}.Debug|Any CPU.ActiveCfg = Debug|Any CPU
		{01FD95BE-2834-4653-8253-51791FA24663}.Debug|Any CPU.Build.0 = Debug|Any CPU
		{01FD95BE-2834-4653-8253-51791FA24663}.Release|Any CPU.ActiveCfg = Release|Any CPU
		{01FD95BE-2834-4653-8253-51791FA24663}.Release|Any CPU.Build.0 = Release|Any CPU
	EndGlobalSection
	GlobalSection(SolutionProperties) = preSolution
		HideSolutionNode = FALSE
	EndGlobalSection
	GlobalSection(ExtensibilityGlobals) = postSolution
		SolutionGuid = {5FBE3879-1D17-49FC-A63C-7CCB5C62C33A}
	EndGlobalSection
EndGlobal
